{
  "name": "qdog",
  "version": "1.0.0",
  "dependencies": {
    "aws-sdk": {
      "version": "2.1.10",
      "from": "aws-sdk@>=2.1.10 <3.0.0",
      "resolved": "https://registry.npmjs.org/aws-sdk/-/aws-sdk-2.1.10.tgz",
      "dependencies": {
        "xml2js": {
          "version": "0.2.6",
          "from": "xml2js@0.2.6",
          "resolved": "https://registry.npmjs.org/xml2js/-/xml2js-0.2.6.tgz",
          "dependencies": {
            "sax": {
              "version": "0.4.2",
              "from": "sax@0.4.2",
              "resolved": "https://registry.npmjs.org/sax/-/sax-0.4.2.tgz"
            }
          }
        },
        "xmlbuilder": {
          "version": "0.4.2",
          "from": "xmlbuilder@0.4.2",
          "resolved": "https://registry.npmjs.org/xmlbuilder/-/xmlbuilder-0.4.2.tgz"
        }
      }
    },
    "es6-promise": {
      "version": "2.0.1",
      "from": "es6-promise@2.0.1",
      "resolved": "https://registry.npmjs.org/es6-promise/-/es6-promise-2.0.1.tgz"
    }
  }
}
